
Microsoft Visual Studio Solution File, Format Version 12.00
# Visual Studio 15
VisualStudioVersion = 15.0.28010.2026
MinimumVisualStudioVersion = 10.0.40219.1
Project("{FAE04EC0-301F-11D3-BF4B-00C04F79EFBC}") = "WpfApp1", "WpfApp1\WpfApp1.csproj", "{14FCE7E0-9923-4ACB-A181-2C6AF7A1FDAF}"
EndProject
Project("{FAE04EC0-301F-11D3-BF4B-00C04F79EFBC}") = "ViewModels", "..\EO\LoginService\EOLoginConsoleApp\ViewModels\ViewModels.csproj", "{C4819671-9D35-4014-B1D3-80F9F0184501}"
EndProject
Project("{FAE04EC0-301F-11D3-BF4B-00C04F79EFBC}") = "SharedData", "..\EO\LoginService\EOLoginConsoleApp\SharedData\SharedData.csproj", "{38431FF0-6D59-4508-9C05-24158F58DA65}"
EndProject
Global
	GlobalSection(SolutionConfigurationPlatforms) = preSolution
		Debug|Any CPU = Debug|Any CPU
		Release|Any CPU = Release|Any CPU
	EndGlobalSection
	GlobalSection(ProjectConfigurationPlatforms) = postSolution
		{14FCE7E0-9923-4ACB-A181-2C6AF7A1FDAF}.Debug|Any CPU.ActiveCfg = Debug|Any CPU
		{14FCE7E0-9923-4ACB-A181-2C6AF7A1FDAF}.Debug|Any CPU.Build.0 = Debug|Any CPU
		{14FCE7E0-9923-4ACB-A181-2C6AF7A1FDAF}.Release|Any CPU.ActiveCfg = Release|Any CPU
		{14FCE7E0-9923-4ACB-A181-2C6AF7A1FDAF}.Release|Any CPU.Build.0 = Release|Any CPU
		{C4819671-9D35-4014-B1D3-80F9F0184501}.Debug|Any CPU.ActiveCfg = Debug|Any CPU
		{C4819671-9D35-4014-B1D3-80F9F0184501}.Debug|Any CPU.Build.0 = Debug|Any CPU
		{C4819671-9D35-4014-B1D3-80F9F0184501}.Release|Any CPU.ActiveCfg = Release|Any CPU
		{C4819671-9D35-4014-B1D3-80F9F0184501}.Release|Any CPU.Build.0 = Release|Any CPU
		{38431FF0-6D59-4508-9C05-24158F58DA65}.Debug|Any CPU.ActiveCfg = Debug|Any CPU
		{38431FF0-6D59-4508-9C05-24158F58DA65}.Debug|Any CPU.Build.0 = Debug|Any CPU
		{38431FF0-6D59-4508-9C05-24158F58DA65}.Release|Any CPU.ActiveCfg = Release|Any CPU
		{38431FF0-6D59-4508-9C05-24158F58DA65}.Release|Any CPU.Build.0 = Release|Any CPU
	EndGlobalSection
	GlobalSection(SolutionProperties) = preSolution
		HideSolutionNode = FALSE
	EndGlobalSection
	GlobalSection(ExtensibilityGlobals) = postSolution
		SolutionGuid = {E40D4E16-295D-4C46-BE9D-0DC665441EF3}
	EndGlobalSection
EndGlobal
